<?xml version="1.0" encoding="utf-8"?>
<Project ToolsVersion="4.0" xmlns="http://schemas.microsoft.com/developer/msbuild/2003">
  <ItemGroup>
    <Filter Include="Pliki źródłowe">
      <UniqueIdentifier>{4FC737F1-C7A5-4376-A066-2A32D752A2FF}</UniqueIdentifier>
      <Extensions>cpp;c;cc;cxx;def;odl;idl;hpj;bat;asm;asmx</Extensions>
    </Filter>
    <Filter Include="Pliki nagłówkowe">
      <UniqueIdentifier>{93995380-89BD-4b04-88EB-625FBE52EBFB}</UniqueIdentifier>
      <Extensions>h;hh;hpp;hxx;hm;inl;inc;ipp;xsd</Extensions>
    </Filter>
    <Filter Include="Pliki zasobów">
      <UniqueIdentifier>{67DA6AB6-F800-4c08-8B7A-83BB121AAD01}</UniqueIdentifier>
      <Extensions>rc;ico;cur;bmp;dlg;rc2;rct;bin;rgs;gif;jpg;jpeg;jpe;resx;tiff;tif;png;wav;mfcribbon-ms</Extensions>
    </Filter>
    <Filter Include="Pliki nagłówkowe\Time">
      <UniqueIdentifier>{3dcf9d2b-927c-426b-a5a0-c509d6a88aa4}</UniqueIdentifier>
    </Filter>
    <Filter Include="Pliki źródłowe\Time">
      <UniqueIdentifier>{2df94ffb-f1f0-4410-a755-d4a31157832c}</UniqueIdentifier>
    </Filter>
    <Filter Include="Pliki nagłówkowe\State machine">
      <UniqueIdentifier>{1bf71cf3-6305-49df-b274-02b5c2d2a04f}</UniqueIdentifier>
    </Filter>
    <Filter Include="Pliki źródłowe\State machine">
      <UniqueIdentifier>{96cd012a-9b63-48d2-a351-6f4e72fdbf2c}</UniqueIdentifier>
    </Filter>
    <Filter Include="Pliki nagłówkowe\Game data">
      <UniqueIdentifier>{b55a1013-db3a-4d47-b78c-97b70d13d144}</UniqueIdentifier>
    </Filter>
    <Filter Include="Pliki źródłowe\Game data">
      <UniqueIdentifier>{f0f6812c-6a36-44b7-9af9-f547e7f3edcf}</UniqueIdentifier>
    </Filter>
    <Filter Include="Pliki nagłówkowe\ECS">
      <UniqueIdentifier>{32efb63c-0046-49b6-b42e-362bc0e5f334}</UniqueIdentifier>
    </Filter>
    <Filter Include="Pliki źródłowe\ECS">
      <UniqueIdentifier>{511aa304-4ed6-4928-9fe7-05f0ab29fb84}</UniqueIdentifier>
    </Filter>
    <Filter Include="Pliki nagłówkowe\ECS\Entity">
      <UniqueIdentifier>{107737fc-c510-4d0c-b8dc-c503ca564aa6}</UniqueIdentifier>
    </Filter>
    <Filter Include="Pliki nagłówkowe\ECS\Component">
      <UniqueIdentifier>{8905fb1f-c871-47dc-ae5c-f432a42bc5b3}</UniqueIdentifier>
    </Filter>
    <Filter Include="Pliki nagłówkowe\ECS\System">
      <UniqueIdentifier>{4e767534-0207-4c1a-a996-f9921e21e0e1}</UniqueIdentifier>
    </Filter>
    <Filter Include="Pliki źródłowe\ECS\Entity">
      <UniqueIdentifier>{e93e3649-5434-4632-a533-c2198358dbbe}</UniqueIdentifier>
    </Filter>
    <Filter Include="Pliki źródłowe\ECS\Component">
      <UniqueIdentifier>{114cd8f9-b311-459b-9562-7cfcea32a003}</UniqueIdentifier>
    </Filter>
    <Filter Include="Pliki źródłowe\ECS\System">
      <UniqueIdentifier>{1780e943-e118-4e00-88aa-98192fcc7d71}</UniqueIdentifier>
    </Filter>
  </ItemGroup>
  <ItemGroup>
    <ClInclude Include="framework.h">
      <Filter>Pliki nagłówkowe</Filter>
    </ClInclude>
    <ClInclude Include="pch.h">
      <Filter>Pliki nagłówkowe</Filter>
    </ClInclude>
    <ClInclude Include="Game.hpp">
      <Filter>Pliki nagłówkowe</Filter>
    </ClInclude>
    <ClInclude Include="EnjoyEngine.hpp">
      <Filter>Pliki nagłówkowe</Filter>
    </ClInclude>
    <ClInclude Include="Time.hpp">
      <Filter>Pliki nagłówkowe\Time</Filter>
    </ClInclude>
    <ClInclude Include="State.hpp">
      <Filter>Pliki nagłówkowe\State machine</Filter>
    </ClInclude>
    <ClInclude Include="StateMachine.hpp">
      <Filter>Pliki nagłówkowe\State machine</Filter>
    </ClInclude>
    <ClInclude Include="GameData.hpp">
      <Filter>Pliki nagłówkowe\Game data</Filter>
    </ClInclude>
    <ClInclude Include="Component.hpp">
      <Filter>Pliki nagłówkowe\ECS\Component</Filter>
    </ClInclude>
    <ClInclude Include="Entity.hpp">
      <Filter>Pliki nagłówkowe\ECS\Entity</Filter>
    </ClInclude>
    <ClInclude Include="ComponentManager.hpp">
      <Filter>Pliki nagłówkowe\ECS\Component</Filter>
    </ClInclude>
    <ClInclude Include="ComponentMap.hpp">
      <Filter>Pliki nagłówkowe\ECS\Component</Filter>
    </ClInclude>
    <ClInclude Include="IComponentMap.hpp">
      <Filter>Pliki nagłówkowe\ECS\Component</Filter>
    </ClInclude>
    <ClInclude Include="EntityManager.hpp">
      <Filter>Pliki nagłówkowe\ECS\Entity</Filter>
    </ClInclude>
    <ClInclude Include="System.hpp">
      <Filter>Pliki nagłówkowe\ECS\System</Filter>
    </ClInclude>
    <ClInclude Include="SystemManager.hpp">
      <Filter>Pliki nagłówkowe\ECS\System</Filter>
    </ClInclude>
  </ItemGroup>
  <ItemGroup>
    <ClCompile Include="dllmain.cpp">
      <Filter>Pliki źródłowe</Filter>
    </ClCompile>
    <ClCompile Include="pch.cpp">
      <Filter>Pliki źródłowe</Filter>
    </ClCompile>
    <ClCompile Include="Game.cpp">
      <Filter>Pliki źródłowe</Filter>
    </ClCompile>
    <ClCompile Include="Time.cpp">
      <Filter>Pliki źródłowe\Time</Filter>
    </ClCompile>
    <ClCompile Include="StateMachine.cpp">
      <Filter>Pliki źródłowe\State machine</Filter>
    </ClCompile>
    <ClCompile Include="State.cpp">
      <Filter>Pliki źródłowe\State machine</Filter>
    </ClCompile>
    <ClCompile Include="GameData.cpp">
      <Filter>Pliki źródłowe\Game data</Filter>
    </ClCompile>
    <ClCompile Include="ComponentManager.cpp">
      <Filter>Pliki źródłowe\ECS\Component</Filter>
    </ClCompile>
    <ClCompile Include="Entity.cpp">
      <Filter>Pliki źródłowe\ECS\Entity</Filter>
    </ClCompile>
    <ClCompile Include="EntityManager.cpp">
      <Filter>Pliki źródłowe\ECS\Entity</Filter>
    </ClCompile>
    <ClCompile Include="System.cpp">
      <Filter>Pliki źródłowe\ECS\System</Filter>
    </ClCompile>
    <ClCompile Include="SystemManager.cpp">
      <Filter>Pliki źródłowe\ECS\System</Filter>
    </ClCompile>
  </ItemGroup>
</Project>